
Microsoft Visual Studio Solution File, Format Version 12.00
# Visual Studio Version 17
VisualStudioVersion = 17.10.35122.118
MinimumVisualStudioVersion = 10.0.40219.1
Project("{FAE04EC0-301F-11D3-BF4B-00C04F79EFBC}") = "Thames_Dental_Web", "Thames_Dental_Web\Thames_Dental_Web.csproj", "{CBCB43AD-37A8-4C97-812B-61E72635EED6}"
EndProject
Global
	GlobalSection(SolutionConfigurationPlatforms) = preSolution
		Debug|Any CPU = Debug|Any CPU
		Release|Any CPU = Release|Any CPU
	EndGlobalSection
	GlobalSection(ProjectConfigurationPlatforms) = postSolution
		{CBCB43AD-37A8-4C97-812B-61E72635EED6}.Debug|Any CPU.ActiveCfg = Debug|Any CPU
		{CBCB43AD-37A8-4C97-812B-61E72635EED6}.Debug|Any CPU.Build.0 = Debug|Any CPU
		{CBCB43AD-37A8-4C97-812B-61E72635EED6}.Release|Any CPU.ActiveCfg = Release|Any CPU
		{CBCB43AD-37A8-4C97-812B-61E72635EED6}.Release|Any CPU.Build.0 = Release|Any CPU
	EndGlobalSection
	GlobalSection(SolutionProperties) = preSolution
		HideSolutionNode = FALSE
	EndGlobalSection
	GlobalSection(ExtensibilityGlobals) = postSolution
		SolutionGuid = {34E4A2F2-138D-4A98-BCBB-9C41F0F11745}
	EndGlobalSection
EndGlobal
